PODS:
  - Cosmos (12.0.1)
  - PopupDialog (0.6.0)
  - SlackTextViewController (1.9.5)
  - SnapKit (3.2.0)
  - SQLite.swift (0.11.4):
    - SQLite.swift/standard (= 0.11.4)
  - SQLite.swift/standard (0.11.4)
  - Timberjack (0.0.3)
  - WebimClientLibrary (3.0.1):
    - SQLite.swift

DEPENDENCIES:
  - Cosmos (~> 12.0)
  - PopupDialog (~> 0.6)
  - SlackTextViewController (from `https://github.com/slackhq/SlackTextViewController.git`)
  - SnapKit (~> 3.2.0)
  - SQLite.swift
  - Timberjack (from `https://github.com/andysmart/Timberjack.git`)
  - WebimClientLibrary (from `../`)

EXTERNAL SOURCES:
  SlackTextViewController:
    :git: https://github.com/slackhq/SlackTextViewController.git
  Timberjack:
    :git: https://github.com/andysmart/Timberjack.git
  WebimClientLibrary:
    :path: ../

CHECKOUT OPTIONS:
  SlackTextViewController:
    :commit: 4c74cbab29408dda9af33633f86dcc983a3b5363
    :git: https://github.com/slackhq/SlackTextViewController.git
  Timberjack:
    :commit: 303b398d5ead5d5fc4dbf86a476b09a856dda4ec
    :git: https://github.com/andysmart/Timberjack.git

SPEC CHECKSUMS:
  Cosmos: 4a9f57998a08788a1062c7b8eefbc62d2b590f39
  PopupDialog: 687af43af0f7b89948cd411ac701865f931bd6dc
  SlackTextViewController: fbcdadbb8090673f604484ff5b6eb8d77baed42a
  SnapKit: 1ca44df72cfa543218d177cb8aab029d10d86ea7
  SQLite.swift: 3e3bee21da701b5b9f87c4a672cb54f233505692
  Timberjack: 20de84a2c135134de6821d1ea90cd57709567e2d
  WebimClientLibrary: 263455bfe55e752eb07f6a38bed28c82336de668

PODFILE CHECKSUM: e589bafda1a161022a9e0cabda14e256adb62d0e

COCOAPODS: 1.2.1
