// !$*UTF8*$!
{
	archiveVersion = 1;
	classes = {
	};
	objectVersion = 48;
	objects = {

/* Begin PBXBuildFile section */
		113057D6256E8088004BB13E /* StickerItem.swift in Sources */ = {isa = PBXBuildFile; fileRef = 113057D5256E8088004BB13E /* StickerItem.swift */; };
		113057A9256D209D004BB13E /* UploadedFile.swift in Sources */ = {isa = PBXBuildFile; fileRef = 113057A8256D209D004BB13E /* UploadedFile.swift */; };
		113057AC256D22DE004BB13E /* UploadedFileImpl.swift in Sources */ = {isa = PBXBuildFile; fileRef = 113057AB256D22DE004BB13E /* UploadedFileImpl.swift */; };
		1134DD5A234A3FF5008FA6F0 /* NotFatalErrorHandler.swift in Sources */ = {isa = PBXBuildFile; fileRef = 1134DD59234A3FF5008FA6F0 /* NotFatalErrorHandler.swift */; };
		1134DD5C234A4BC8008FA6F0 /* WebimNotFatalError.swift in Sources */ = {isa = PBXBuildFile; fileRef = 1134DD5B234A4BC8008FA6F0 /* WebimNotFatalError.swift */; };
		1134DD5E234A69FF008FA6F0 /* WebimNotFatalErrorImpl.swift in Sources */ = {isa = PBXBuildFile; fileRef = 1134DD5D234A69FF008FA6F0 /* WebimNotFatalErrorImpl.swift */; };
		113C581C24EDE32F006A08C2 /* Survey.swift in Sources */ = {isa = PBXBuildFile; fileRef = 113C581B24EDE32F006A08C2 /* Survey.swift */; };
		113C581E24EE5892006A08C2 /* SurveyImpl.swift in Sources */ = {isa = PBXBuildFile; fileRef = 113C581D24EE5892006A08C2 /* SurveyImpl.swift */; };
		113C582124EE6076006A08C2 /* SurveyItem.swift in Sources */ = {isa = PBXBuildFile; fileRef = 113C582024EE6076006A08C2 /* SurveyItem.swift */; };
		113C582324EF24D9006A08C2 /* SurveyController.swift in Sources */ = {isa = PBXBuildFile; fileRef = 113C582224EF24D9006A08C2 /* SurveyController.swift */; };
		113C582524F5A11C006A08C2 /* SurveyFactory.swift in Sources */ = {isa = PBXBuildFile; fileRef = 113C582424F5A11C006A08C2 /* SurveyFactory.swift */; };
		113E5BC524F72434008AB716 /* SendSurveyAnswerCompletionHandlerWrapper.swift in Sources */ = {isa = PBXBuildFile; fileRef = 113E5BC424F72434008AB716 /* SendSurveyAnswerCompletionHandlerWrapper.swift */; };
		11474E6225F2A5AD00D560FB /* FileUrlCreator.swift in Sources */ = {isa = PBXBuildFile; fileRef = 11474E6125F2A5AD00D560FB /* FileUrlCreator.swift */; };
		11638EEE22A448830085E4F4 /* KeyboardItem.swift in Sources */ = {isa = PBXBuildFile; fileRef = 11638EED22A448830085E4F4 /* KeyboardItem.swift */; };
		1165DAA525D9F67700FBF72E /* LocationStatusResponse.swift in Sources */ = {isa = PBXBuildFile; fileRef = 1165DAA425D9F67700FBF72E /* LocationStatusResponse.swift */; };
		11E2813222F60987000A1EA6 /* FAQSQLiteHistoryStorage.swift in Sources */ = {isa = PBXBuildFile; fileRef = 11E2813122F60987000A1EA6 /* FAQSQLiteHistoryStorage.swift */; };
		123D716F26D645F500F78A1E /* WMSynchronizedObject.swift in Sources */ = {isa = PBXBuildFile; fileRef = 123D716E26D645F500F78A1E /* WMSynchronizedObject.swift */; };
		1289E9752695BB3A007C15BF /* WMDataEncryptor.swift in Sources */ = {isa = PBXBuildFile; fileRef = 1289E9742695BB39007C15BF /* WMDataEncryptor.swift */; };
		1289E9772695BBBC007C15BF /* WMKeychainWrapper.swift in Sources */ = {isa = PBXBuildFile; fileRef = 1289E9762695BBBC007C15BF /* WMKeychainWrapper.swift */; };
		8FD2428B200CDB18007EB9CB /* WebimClientLibrary.h in Headers */ = {isa = PBXBuildFile; fileRef = 8FD2427D200CDB18007EB9CB /* WebimClientLibrary.h */; settings = {ATTRIBUTES = (Public, ); }; };
		8FD244A8200CE25C007EB9CB /* WebimLogger.swift in Sources */ = {isa = PBXBuildFile; fileRef = 8FD2445C200CE258007EB9CB /* WebimLogger.swift */; };
		8FD244A9200CE25C007EB9CB /* MessageListener.swift in Sources */ = {isa = PBXBuildFile; fileRef = 8FD2445D200CE258007EB9CB /* MessageListener.swift */; };
		8FD244AA200CE25C007EB9CB /* WebimRemoteNotification.swift in Sources */ = {isa = PBXBuildFile; fileRef = 8FD2445E200CE259007EB9CB /* WebimRemoteNotification.swift */; };
		8FD244AB200CE25C007EB9CB /* WebimSession.swift in Sources */ = {isa = PBXBuildFile; fileRef = 8FD2445F200CE259007EB9CB /* WebimSession.swift */; };
		8FD244AC200CE25C007EB9CB /* Operator.swift in Sources */ = {isa = PBXBuildFile; fileRef = 8FD24460200CE259007EB9CB /* Operator.swift */; };
		8FD244AD200CE25C007EB9CB /* Department.swift in Sources */ = {isa = PBXBuildFile; fileRef = 8FD24461200CE259007EB9CB /* Department.swift */; };
		8FD244AE200CE25C007EB9CB /* ProvidedAuthorizationTokenStateListener.swift in Sources */ = {isa = PBXBuildFile; fileRef = 8FD24462200CE259007EB9CB /* ProvidedAuthorizationTokenStateListener.swift */; };
		8FD244AF200CE25C007EB9CB /* MessageTracker.swift in Sources */ = {isa = PBXBuildFile; fileRef = 8FD24463200CE25A007EB9CB /* MessageTracker.swift */; };
		8FD244B0200CE25C007EB9CB /* Message.swift in Sources */ = {isa = PBXBuildFile; fileRef = 8FD24464200CE25A007EB9CB /* Message.swift */; };
		8FD244B1200CE25C007EB9CB /* HistoryMetaInformationStorage.swift in Sources */ = {isa = PBXBuildFile; fileRef = 8FD24466200CE25A007EB9CB /* HistoryMetaInformationStorage.swift */; };
		8FD244B2200CE25C007EB9CB /* MemoryHistoryStorage.swift in Sources */ = {isa = PBXBuildFile; fileRef = 8FD24467200CE25A007EB9CB /* MemoryHistoryStorage.swift */; };
		8FD244B3200CE25C007EB9CB /* InternalErrorListener.swift in Sources */ = {isa = PBXBuildFile; fileRef = 8FD24468200CE25A007EB9CB /* InternalErrorListener.swift */; };
		8FD244B4200CE25C007EB9CB /* MemoryHistoryMetaInformationStorage.swift in Sources */ = {isa = PBXBuildFile; fileRef = 8FD24469200CE25A007EB9CB /* MemoryHistoryMetaInformationStorage.swift */; };
		8FD244B5200CE25C007EB9CB /* ClientSideID.swift in Sources */ = {isa = PBXBuildFile; fileRef = 8FD2446A200CE25A007EB9CB /* ClientSideID.swift */; };
		8FD244B6200CE25C007EB9CB /* WebimActionsImpl.swift in Sources */ = {isa = PBXBuildFile; fileRef = 8FD2446B200CE25A007EB9CB /* WebimActionsImpl.swift */; };
		8FD244B7200CE25C007EB9CB /* MessageComposingHandler.swift in Sources */ = {isa = PBXBuildFile; fileRef = 8FD2446C200CE25A007EB9CB /* MessageComposingHandler.swift */; };
		8FD244B8200CE25C007EB9CB /* WebimInternalError.swift in Sources */ = {isa = PBXBuildFile; fileRef = 8FD2446D200CE25A007EB9CB /* WebimInternalError.swift */; };
		8FD244B9200CE25C007EB9CB /* LocationSettingsHolder.swift in Sources */ = {isa = PBXBuildFile; fileRef = 8FD2446E200CE25A007EB9CB /* LocationSettingsHolder.swift */; };
		8FD244BB200CE25C007EB9CB /* WebimRequest.swift in Sources */ = {isa = PBXBuildFile; fileRef = 8FD24470200CE25A007EB9CB /* WebimRequest.swift */; };
		8FD244BC200CE25C007EB9CB /* WebimClient.swift in Sources */ = {isa = PBXBuildFile; fileRef = 8FD24471200CE25A007EB9CB /* WebimClient.swift */; };
		8FD244BD200CE25C007EB9CB /* RemoteHistoryProvider.swift in Sources */ = {isa = PBXBuildFile; fileRef = 8FD24472200CE25A007EB9CB /* RemoteHistoryProvider.swift */; };
		8FD244BE200CE25C007EB9CB /* Dictionary.swift in Sources */ = {isa = PBXBuildFile; fileRef = 8FD24475200CE25A007EB9CB /* Dictionary.swift */; };
		8FD244BF200CE25C007EB9CB /* String.swift in Sources */ = {isa = PBXBuildFile; fileRef = 8FD24476200CE25A007EB9CB /* String.swift */; };
		8FD244C0200CE25C007EB9CB /* MessageFactories.swift in Sources */ = {isa = PBXBuildFile; fileRef = 8FD24477200CE25A007EB9CB /* MessageFactories.swift */; };
		8FD244C1200CE25C007EB9CB /* InternalUtils.swift in Sources */ = {isa = PBXBuildFile; fileRef = 8FD24478200CE25A007EB9CB /* InternalUtils.swift */; };
		8FD244C2200CE25C007EB9CB /* CompletionHandlerWrappers.swift in Sources */ = {isa = PBXBuildFile; fileRef = 8FD24479200CE25A007EB9CB /* CompletionHandlerWrappers.swift */; };
		8FD244C3200CE25C007EB9CB /* AbstractRequestLoop.swift in Sources */ = {isa = PBXBuildFile; fileRef = 8FD2447A200CE25A007EB9CB /* AbstractRequestLoop.swift */; };
		8FD244C4200CE25C007EB9CB /* DeltaCallback.swift in Sources */ = {isa = PBXBuildFile; fileRef = 8FD2447B200CE25A007EB9CB /* DeltaCallback.swift */; };
		8FD244C5200CE25C007EB9CB /* ActionRequestLoop.swift in Sources */ = {isa = PBXBuildFile; fileRef = 8FD2447C200CE25A007EB9CB /* ActionRequestLoop.swift */; };
		8FD244C6200CE25C007EB9CB /* SessionDestroyer.swift in Sources */ = {isa = PBXBuildFile; fileRef = 8FD2447D200CE25A007EB9CB /* SessionDestroyer.swift */; };
		8FD244C7200CE25C007EB9CB /* ProvidedVisitorFields.swift in Sources */ = {isa = PBXBuildFile; fileRef = 8FD2447E200CE25A007EB9CB /* ProvidedVisitorFields.swift */; };
		8FD244C8200CE25C007EB9CB /* ExecIfNotDestroyedHandlerExecutor.swift in Sources */ = {isa = PBXBuildFile; fileRef = 8FD2447F200CE25A007EB9CB /* ExecIfNotDestroyedHandlerExecutor.swift */; };
		8FD244C9200CE25C007EB9CB /* AuthorizationData.swift in Sources */ = {isa = PBXBuildFile; fileRef = 8FD24480200CE25A007EB9CB /* AuthorizationData.swift */; };
		8FD244CA200CE25C007EB9CB /* DeltaRequestLoop.swift in Sources */ = {isa = PBXBuildFile; fileRef = 8FD24481200CE25A007EB9CB /* DeltaRequestLoop.swift */; };
		8FD244CB200CE25C007EB9CB /* OperatorItem.swift in Sources */ = {isa = PBXBuildFile; fileRef = 8FD24483200CE25A007EB9CB /* OperatorItem.swift */; };
		8FD244CC200CE25C007EB9CB /* DepartmentItem.swift in Sources */ = {isa = PBXBuildFile; fileRef = 8FD24484200CE25A007EB9CB /* DepartmentItem.swift */; };
		8FD244CD200CE25C007EB9CB /* RatingItem.swift in Sources */ = {isa = PBXBuildFile; fileRef = 8FD24485200CE25A007EB9CB /* RatingItem.swift */; };
		8FD244CE200CE25C007EB9CB /* VisitSessionStateItem.swift in Sources */ = {isa = PBXBuildFile; fileRef = 8FD24486200CE25A007EB9CB /* VisitSessionStateItem.swift */; };
		8FD244CF200CE25C007EB9CB /* HistoryBeforeResponse.swift in Sources */ = {isa = PBXBuildFile; fileRef = 8FD24488200CE25A007EB9CB /* HistoryBeforeResponse.swift */; };
		8FD244D0200CE25C007EB9CB /* HistorySinceResponse.swift in Sources */ = {isa = PBXBuildFile; fileRef = 8FD24489200CE25A007EB9CB /* HistorySinceResponse.swift */; };
		8FD244D1200CE25C007EB9CB /* DeltaResponse.swift in Sources */ = {isa = PBXBuildFile; fileRef = 8FD2448A200CE25A007EB9CB /* DeltaResponse.swift */; };
		8FD244D2200CE25C007EB9CB /* FileParametersItem.swift in Sources */ = {isa = PBXBuildFile; fileRef = 8FD2448B200CE25A007EB9CB /* FileParametersItem.swift */; };
		8FD244D3200CE25C007EB9CB /* OnlineStatusItem.swift in Sources */ = {isa = PBXBuildFile; fileRef = 8FD2448C200CE25A007EB9CB /* OnlineStatusItem.swift */; };
		8FD244D4200CE25C007EB9CB /* DeltaItem.swift in Sources */ = {isa = PBXBuildFile; fileRef = 8FD2448E200CE25A007EB9CB /* DeltaItem.swift */; };
		8FD244D5200CE25C007EB9CB /* FullUpdate.swift in Sources */ = {isa = PBXBuildFile; fileRef = 8FD2448F200CE25A007EB9CB /* FullUpdate.swift */; };
		8FD244D6200CE25C007EB9CB /* ChatItem.swift in Sources */ = {isa = PBXBuildFile; fileRef = 8FD24490200CE25A007EB9CB /* ChatItem.swift */; };
		8FD244D7200CE25C007EB9CB /* VisitorItem.swift in Sources */ = {isa = PBXBuildFile; fileRef = 8FD24491200CE25A007EB9CB /* VisitorItem.swift */; };
		8FD244D8200CE25C007EB9CB /* MessageItem.swift in Sources */ = {isa = PBXBuildFile; fileRef = 8FD24492200CE25A007EB9CB /* MessageItem.swift */; };
		8FD244D9200CE25C007EB9CB /* MessageToSend.swift in Sources */ = {isa = PBXBuildFile; fileRef = 8FD24493200CE25A007EB9CB /* MessageToSend.swift */; };
		8FD244DA200CE25C007EB9CB /* SessionParametersListener.swift in Sources */ = {isa = PBXBuildFile; fileRef = 8FD24494200CE25A007EB9CB /* SessionParametersListener.swift */; };
		8FD244DB200CE25C007EB9CB /* AccessChecker.swift in Sources */ = {isa = PBXBuildFile; fileRef = 8FD24495200CE25A007EB9CB /* AccessChecker.swift */; };
		8FD244DC200CE25C007EB9CB /* SQLiteHistoryStorage.swift in Sources */ = {isa = PBXBuildFile; fileRef = 8FD24496200CE25A007EB9CB /* SQLiteHistoryStorage.swift */; };
		8FD244DD200CE25C007EB9CB /* HistoryID.swift in Sources */ = {isa = PBXBuildFile; fileRef = 8FD24497200CE25A007EB9CB /* HistoryID.swift */; };
		8FD244DE200CE25C007EB9CB /* HistoryStorage.swift in Sources */ = {isa = PBXBuildFile; fileRef = 8FD24498200CE25A007EB9CB /* HistoryStorage.swift */; };
		8FD244DF200CE25C007EB9CB /* MessageHolder.swift in Sources */ = {isa = PBXBuildFile; fileRef = 8FD24499200CE25A007EB9CB /* MessageHolder.swift */; };
		8FD244E0200CE25C007EB9CB /* DepartmentImpl.swift in Sources */ = {isa = PBXBuildFile; fileRef = 8FD2449B200CE25B007EB9CB /* DepartmentImpl.swift */; };
		8FD244E1200CE25C007EB9CB /* OperatorImpl.swift in Sources */ = {isa = PBXBuildFile; fileRef = 8FD2449C200CE25B007EB9CB /* OperatorImpl.swift */; };
		8FD244E2200CE25C007EB9CB /* MessageStreamImpl.swift in Sources */ = {isa = PBXBuildFile; fileRef = 8FD2449D200CE25B007EB9CB /* MessageStreamImpl.swift */; };
		8FD244E3200CE25C007EB9CB /* WebimRemoteNotificationImpl.swift in Sources */ = {isa = PBXBuildFile; fileRef = 8FD2449E200CE25B007EB9CB /* WebimRemoteNotificationImpl.swift */; };
		8FD244E4200CE25C007EB9CB /* MessageImpl.swift in Sources */ = {isa = PBXBuildFile; fileRef = 8FD2449F200CE25B007EB9CB /* MessageImpl.swift */; };
		8FD244E5200CE25C007EB9CB /* WebimErrorImpl.swift in Sources */ = {isa = PBXBuildFile; fileRef = 8FD244A0200CE25B007EB9CB /* WebimErrorImpl.swift */; };
		8FD244E6200CE25C007EB9CB /* MessageTrackerImpl.swift in Sources */ = {isa = PBXBuildFile; fileRef = 8FD244A1200CE25B007EB9CB /* MessageTrackerImpl.swift */; };
		8FD244E7200CE25C007EB9CB /* WebimSessionImpl.swift in Sources */ = {isa = PBXBuildFile; fileRef = 8FD244A2200CE25B007EB9CB /* WebimSessionImpl.swift */; };
		8FD244E8200CE25C007EB9CB /* LocationSettingsImpl.swift in Sources */ = {isa = PBXBuildFile; fileRef = 8FD244A3200CE25B007EB9CB /* LocationSettingsImpl.swift */; };
		8FD244E9200CE25C007EB9CB /* FatalErrorHandler.swift in Sources */ = {isa = PBXBuildFile; fileRef = 8FD244A4200CE25B007EB9CB /* FatalErrorHandler.swift */; };
		8FD244EA200CE25C007EB9CB /* WebimError.swift in Sources */ = {isa = PBXBuildFile; fileRef = 8FD244A5200CE25B007EB9CB /* WebimError.swift */; };
		8FD244EB200CE25C007EB9CB /* MessageStream.swift in Sources */ = {isa = PBXBuildFile; fileRef = 8FD244A6200CE25B007EB9CB /* MessageStream.swift */; };
		8FD244EC200CE25C007EB9CB /* Webim.swift in Sources */ = {isa = PBXBuildFile; fileRef = 8FD244A7200CE25B007EB9CB /* Webim.swift */; };
		959AFDE325D9DD7D0014B721 /* WebimActions.swift in Sources */ = {isa = PBXBuildFile; fileRef = 959AFDE225D9DD7D0014B721 /* WebimActions.swift */; };
		95EE8A9E25C3A6E6006F7BFB /* WebimService.swift in Sources */ = {isa = PBXBuildFile; fileRef = 95EE8A9D25C3A6E6006F7BFB /* WebimService.swift */; };
		CE2E681120123DB7004E99EA /* Array.swift in Sources */ = {isa = PBXBuildFile; fileRef = CE2E681020123DB6004E99EA /* Array.swift */; };
		CE2E681320123DC9004E99EA /* Collection.swift in Sources */ = {isa = PBXBuildFile; fileRef = CE2E681220123DC9004E99EA /* Collection.swift */; };
		CE2E681520123DD0004E99EA /* Int.swift in Sources */ = {isa = PBXBuildFile; fileRef = CE2E681420123DD0004E99EA /* Int.swift */; };
		CE2E681720123DD4004E99EA /* UInt32.swift in Sources */ = {isa = PBXBuildFile; fileRef = CE2E681620123DD4004E99EA /* UInt32.swift */; };
		CE529807222EA38C00033278 /* HistoryRevisionItem.swift in Sources */ = {isa = PBXBuildFile; fileRef = CE529806222EA38C00033278 /* HistoryRevisionItem.swift */; };
		CE6A6978220C730F00B11E29 /* FAQItem.swift in Sources */ = {isa = PBXBuildFile; fileRef = CE6A6977220C730F00B11E29 /* FAQItem.swift */; };
		CE6A697A220C731600B11E29 /* FAQ.swift in Sources */ = {isa = PBXBuildFile; fileRef = CE6A6979220C731600B11E29 /* FAQ.swift */; };
		CE6A697C220C799300B11E29 /* FAQActions.swift in Sources */ = {isa = PBXBuildFile; fileRef = CE6A697B220C799300B11E29 /* FAQActions.swift */; };
		CE6A697E220C7F3000B11E29 /* FAQClient.swift in Sources */ = {isa = PBXBuildFile; fileRef = CE6A697D220C7F3000B11E29 /* FAQClient.swift */; };
		CE6A6980220C83F900B11E29 /* FAQRequestLoop.swift in Sources */ = {isa = PBXBuildFile; fileRef = CE6A697F220C83F900B11E29 /* FAQRequestLoop.swift */; };
		CE6A6982220C968D00B11E29 /* FAQImpl.swift in Sources */ = {isa = PBXBuildFile; fileRef = CE6A6981220C968D00B11E29 /* FAQImpl.swift */; };
		CE6A6984220C9BBB00B11E29 /* FAQDestroyer.swift in Sources */ = {isa = PBXBuildFile; fileRef = CE6A6983220C9BBB00B11E29 /* FAQDestroyer.swift */; };
		CE6A6986220C9DE200B11E29 /* FAQAccessChecker.swift in Sources */ = {isa = PBXBuildFile; fileRef = CE6A6985220C9DE200B11E29 /* FAQAccessChecker.swift */; };
		CE6A6988220CA70A00B11E29 /* FAQItemItem.swift in Sources */ = {isa = PBXBuildFile; fileRef = CE6A6987220CA70A00B11E29 /* FAQItemItem.swift */; };
		CE76D61F22108835006A5BF0 /* ExecIfNotDestroyedFAQHandlerExecutor.swift in Sources */ = {isa = PBXBuildFile; fileRef = CE76D61E22108834006A5BF0 /* ExecIfNotDestroyedFAQHandlerExecutor.swift */; };
		CE76D6212210A6DC006A5BF0 /* FAQStructure.swift in Sources */ = {isa = PBXBuildFile; fileRef = CE76D6202210A6DC006A5BF0 /* FAQStructure.swift */; };
		CE76D6232210A6F3006A5BF0 /* FAQCategory.swift in Sources */ = {isa = PBXBuildFile; fileRef = CE76D6222210A6F3006A5BF0 /* FAQCategory.swift */; };
		CE86FA95203AF37F00CB9C2D /* UIColor.swift in Sources */ = {isa = PBXBuildFile; fileRef = CE86FA94203AF37F00CB9C2D /* UIColor.swift */; };
		CE86FAAB203B2A2600CB9C2D /* OperatorFactory.swift in Sources */ = {isa = PBXBuildFile; fileRef = CE86FAAA203B2A2600CB9C2D /* OperatorFactory.swift */; };
		CE86FAAD203B2A4500CB9C2D /* DepartmentFactory.swift in Sources */ = {isa = PBXBuildFile; fileRef = CE86FAAC203B2A4500CB9C2D /* DepartmentFactory.swift */; };
		CEBF03962211D5EE001658D8 /* FAQStructureItem.swift in Sources */ = {isa = PBXBuildFile; fileRef = CEBF03952211D5EE001658D8 /* FAQStructureItem.swift */; };
		CEBF03982211D837001658D8 /* FAQCategoryItem.swift in Sources */ = {isa = PBXBuildFile; fileRef = CEBF03972211D837001658D8 /* FAQCategoryItem.swift */; };
		CEBF039A2211F070001658D8 /* FAQCategoryInfo.swift in Sources */ = {isa = PBXBuildFile; fileRef = CEBF03992211F070001658D8 /* FAQCategoryInfo.swift */; };
		CED72593200E11D900CD1623 /* WebimInternalLogger.swift in Sources */ = {isa = PBXBuildFile; fileRef = CED72592200E11D900CD1623 /* WebimInternalLogger.swift */; };
		CEF33876221C74C700A7EA27 /* FAQCategoryInfoItem.swift in Sources */ = {isa = PBXBuildFile; fileRef = CEF33875221C74C700A7EA27 /* FAQCategoryInfoItem.swift */; };
/* End PBXBuildFile section */

/* Begin PBXFileReference section */
		113057D5256E8088004BB13E /* StickerItem.swift */ = {isa = PBXFileReference; fileEncoding = 4; lastKnownFileType = sourcecode.swift; path = StickerItem.swift; sourceTree = "<group>"; };
		113057A8256D209D004BB13E /* UploadedFile.swift */ = {isa = PBXFileReference; lastKnownFileType = sourcecode.swift; path = UploadedFile.swift; sourceTree = "<group>"; };
		113057AB256D22DE004BB13E /* UploadedFileImpl.swift */ = {isa = PBXFileReference; lastKnownFileType = sourcecode.swift; path = UploadedFileImpl.swift; sourceTree = "<group>"; };
		1134DD59234A3FF5008FA6F0 /* NotFatalErrorHandler.swift */ = {isa = PBXFileReference; lastKnownFileType = sourcecode.swift; path = NotFatalErrorHandler.swift; sourceTree = "<group>"; };
		1134DD5B234A4BC8008FA6F0 /* WebimNotFatalError.swift */ = {isa = PBXFileReference; lastKnownFileType = sourcecode.swift; path = WebimNotFatalError.swift; sourceTree = "<group>"; };
		1134DD5D234A69FF008FA6F0 /* WebimNotFatalErrorImpl.swift */ = {isa = PBXFileReference; lastKnownFileType = sourcecode.swift; path = WebimNotFatalErrorImpl.swift; sourceTree = "<group>"; };
		113C581B24EDE32F006A08C2 /* Survey.swift */ = {isa = PBXFileReference; lastKnownFileType = sourcecode.swift; path = Survey.swift; sourceTree = "<group>"; };
		113C581D24EE5892006A08C2 /* SurveyImpl.swift */ = {isa = PBXFileReference; lastKnownFileType = sourcecode.swift; path = SurveyImpl.swift; sourceTree = "<group>"; };
		113C582024EE6076006A08C2 /* SurveyItem.swift */ = {isa = PBXFileReference; lastKnownFileType = sourcecode.swift; path = SurveyItem.swift; sourceTree = "<group>"; };
		113C582224EF24D9006A08C2 /* SurveyController.swift */ = {isa = PBXFileReference; lastKnownFileType = sourcecode.swift; path = SurveyController.swift; sourceTree = "<group>"; };
		113C582424F5A11C006A08C2 /* SurveyFactory.swift */ = {isa = PBXFileReference; lastKnownFileType = sourcecode.swift; path = SurveyFactory.swift; sourceTree = "<group>"; };
		113E5BC424F72434008AB716 /* SendSurveyAnswerCompletionHandlerWrapper.swift */ = {isa = PBXFileReference; lastKnownFileType = sourcecode.swift; path = SendSurveyAnswerCompletionHandlerWrapper.swift; sourceTree = "<group>"; };
		11474E6125F2A5AD00D560FB /* FileUrlCreator.swift */ = {isa = PBXFileReference; lastKnownFileType = sourcecode.swift; path = FileUrlCreator.swift; sourceTree = "<group>"; };
		11638EED22A448830085E4F4 /* KeyboardItem.swift */ = {isa = PBXFileReference; lastKnownFileType = sourcecode.swift; path = KeyboardItem.swift; sourceTree = "<group>"; };
		1165DAA425D9F67700FBF72E /* LocationStatusResponse.swift */ = {isa = PBXFileReference; lastKnownFileType = sourcecode.swift; path = LocationStatusResponse.swift; sourceTree = "<group>"; };
		11E2813122F60987000A1EA6 /* FAQSQLiteHistoryStorage.swift */ = {isa = PBXFileReference; lastKnownFileType = sourcecode.swift; path = FAQSQLiteHistoryStorage.swift; sourceTree = "<group>"; };
		123D716E26D645F500F78A1E /* WMSynchronizedObject.swift */ = {isa = PBXFileReference; fileEncoding = 4; lastKnownFileType = sourcecode.swift; path = WMSynchronizedObject.swift; sourceTree = "<group>"; };
		1289E9742695BB39007C15BF /* WMDataEncryptor.swift */ = {isa = PBXFileReference; fileEncoding = 4; lastKnownFileType = sourcecode.swift; path = WMDataEncryptor.swift; sourceTree = "<group>"; };
		1289E9762695BBBC007C15BF /* WMKeychainWrapper.swift */ = {isa = PBXFileReference; fileEncoding = 4; lastKnownFileType = sourcecode.swift; path = WMKeychainWrapper.swift; sourceTree = "<group>"; };
		8FD2427A200CDB18007EB9CB /* WebimClientLibrary.framework */ = {isa = PBXFileReference; explicitFileType = wrapper.framework; includeInIndex = 0; path = WebimClientLibrary.framework; sourceTree = BUILT_PRODUCTS_DIR; };
		8FD2427D200CDB18007EB9CB /* WebimClientLibrary.h */ = {isa = PBXFileReference; lastKnownFileType = sourcecode.c.h; path = WebimClientLibrary.h; sourceTree = "<group>"; };
		8FD2445C200CE258007EB9CB /* WebimLogger.swift */ = {isa = PBXFileReference; fileEncoding = 4; lastKnownFileType = sourcecode.swift; path = WebimLogger.swift; sourceTree = "<group>"; };
		8FD2445D200CE258007EB9CB /* MessageListener.swift */ = {isa = PBXFileReference; fileEncoding = 4; lastKnownFileType = sourcecode.swift; path = MessageListener.swift; sourceTree = "<group>"; };
		8FD2445E200CE259007EB9CB /* WebimRemoteNotification.swift */ = {isa = PBXFileReference; fileEncoding = 4; lastKnownFileType = sourcecode.swift; path = WebimRemoteNotification.swift; sourceTree = "<group>"; };
		8FD2445F200CE259007EB9CB /* WebimSession.swift */ = {isa = PBXFileReference; fileEncoding = 4; lastKnownFileType = sourcecode.swift; path = WebimSession.swift; sourceTree = "<group>"; };
		8FD24460200CE259007EB9CB /* Operator.swift */ = {isa = PBXFileReference; fileEncoding = 4; lastKnownFileType = sourcecode.swift; path = Operator.swift; sourceTree = "<group>"; };
		8FD24461200CE259007EB9CB /* Department.swift */ = {isa = PBXFileReference; fileEncoding = 4; lastKnownFileType = sourcecode.swift; path = Department.swift; sourceTree = "<group>"; };
		8FD24462200CE259007EB9CB /* ProvidedAuthorizationTokenStateListener.swift */ = {isa = PBXFileReference; fileEncoding = 4; lastKnownFileType = sourcecode.swift; path = ProvidedAuthorizationTokenStateListener.swift; sourceTree = "<group>"; };
		8FD24463200CE25A007EB9CB /* MessageTracker.swift */ = {isa = PBXFileReference; fileEncoding = 4; lastKnownFileType = sourcecode.swift; path = MessageTracker.swift; sourceTree = "<group>"; };
		8FD24464200CE25A007EB9CB /* Message.swift */ = {isa = PBXFileReference; fileEncoding = 4; lastKnownFileType = sourcecode.swift; path = Message.swift; sourceTree = "<group>"; };
		8FD24466200CE25A007EB9CB /* HistoryMetaInformationStorage.swift */ = {isa = PBXFileReference; fileEncoding = 4; lastKnownFileType = sourcecode.swift; path = HistoryMetaInformationStorage.swift; sourceTree = "<group>"; };
		8FD24467200CE25A007EB9CB /* MemoryHistoryStorage.swift */ = {isa = PBXFileReference; fileEncoding = 4; lastKnownFileType = sourcecode.swift; path = MemoryHistoryStorage.swift; sourceTree = "<group>"; };
		8FD24468200CE25A007EB9CB /* InternalErrorListener.swift */ = {isa = PBXFileReference; fileEncoding = 4; lastKnownFileType = sourcecode.swift; path = InternalErrorListener.swift; sourceTree = "<group>"; };
		8FD24469200CE25A007EB9CB /* MemoryHistoryMetaInformationStorage.swift */ = {isa = PBXFileReference; fileEncoding = 4; lastKnownFileType = sourcecode.swift; path = MemoryHistoryMetaInformationStorage.swift; sourceTree = "<group>"; };
		8FD2446A200CE25A007EB9CB /* ClientSideID.swift */ = {isa = PBXFileReference; fileEncoding = 4; lastKnownFileType = sourcecode.swift; path = ClientSideID.swift; sourceTree = "<group>"; };
		8FD2446B200CE25A007EB9CB /* WebimActionsImpl.swift */ = {isa = PBXFileReference; fileEncoding = 4; lastKnownFileType = sourcecode.swift; path = WebimActionsImpl.swift; sourceTree = "<group>"; };
		8FD2446C200CE25A007EB9CB /* MessageComposingHandler.swift */ = {isa = PBXFileReference; fileEncoding = 4; lastKnownFileType = sourcecode.swift; path = MessageComposingHandler.swift; sourceTree = "<group>"; };
		8FD2446D200CE25A007EB9CB /* WebimInternalError.swift */ = {isa = PBXFileReference; fileEncoding = 4; lastKnownFileType = sourcecode.swift; path = WebimInternalError.swift; sourceTree = "<group>"; };
		8FD2446E200CE25A007EB9CB /* LocationSettingsHolder.swift */ = {isa = PBXFileReference; fileEncoding = 4; lastKnownFileType = sourcecode.swift; path = LocationSettingsHolder.swift; sourceTree = "<group>"; };
		8FD24470200CE25A007EB9CB /* WebimRequest.swift */ = {isa = PBXFileReference; fileEncoding = 4; lastKnownFileType = sourcecode.swift; path = WebimRequest.swift; sourceTree = "<group>"; };
		8FD24471200CE25A007EB9CB /* WebimClient.swift */ = {isa = PBXFileReference; fileEncoding = 4; lastKnownFileType = sourcecode.swift; path = WebimClient.swift; sourceTree = "<group>"; };
		8FD24472200CE25A007EB9CB /* RemoteHistoryProvider.swift */ = {isa = PBXFileReference; fileEncoding = 4; lastKnownFileType = sourcecode.swift; path = RemoteHistoryProvider.swift; sourceTree = "<group>"; };
		8FD24475200CE25A007EB9CB /* Dictionary.swift */ = {isa = PBXFileReference; fileEncoding = 4; lastKnownFileType = sourcecode.swift; path = Dictionary.swift; sourceTree = "<group>"; };
		8FD24476200CE25A007EB9CB /* String.swift */ = {isa = PBXFileReference; fileEncoding = 4; lastKnownFileType = sourcecode.swift; path = String.swift; sourceTree = "<group>"; };
		8FD24477200CE25A007EB9CB /* MessageFactories.swift */ = {isa = PBXFileReference; fileEncoding = 4; lastKnownFileType = sourcecode.swift; path = MessageFactories.swift; sourceTree = "<group>"; };
		8FD24478200CE25A007EB9CB /* InternalUtils.swift */ = {isa = PBXFileReference; fileEncoding = 4; lastKnownFileType = sourcecode.swift; path = InternalUtils.swift; sourceTree = "<group>"; };
		8FD24479200CE25A007EB9CB /* CompletionHandlerWrappers.swift */ = {isa = PBXFileReference; fileEncoding = 4; lastKnownFileType = sourcecode.swift; path = CompletionHandlerWrappers.swift; sourceTree = "<group>"; };
		8FD2447A200CE25A007EB9CB /* AbstractRequestLoop.swift */ = {isa = PBXFileReference; fileEncoding = 4; lastKnownFileType = sourcecode.swift; path = AbstractRequestLoop.swift; sourceTree = "<group>"; };
		8FD2447B200CE25A007EB9CB /* DeltaCallback.swift */ = {isa = PBXFileReference; fileEncoding = 4; lastKnownFileType = sourcecode.swift; path = DeltaCallback.swift; sourceTree = "<group>"; };
		8FD2447C200CE25A007EB9CB /* ActionRequestLoop.swift */ = {isa = PBXFileReference; fileEncoding = 4; lastKnownFileType = sourcecode.swift; path = ActionRequestLoop.swift; sourceTree = "<group>"; };
		8FD2447D200CE25A007EB9CB /* SessionDestroyer.swift */ = {isa = PBXFileReference; fileEncoding = 4; lastKnownFileType = sourcecode.swift; path = SessionDestroyer.swift; sourceTree = "<group>"; };
		8FD2447E200CE25A007EB9CB /* ProvidedVisitorFields.swift */ = {isa = PBXFileReference; fileEncoding = 4; lastKnownFileType = sourcecode.swift; path = ProvidedVisitorFields.swift; sourceTree = "<group>"; };
		8FD2447F200CE25A007EB9CB /* ExecIfNotDestroyedHandlerExecutor.swift */ = {isa = PBXFileReference; fileEncoding = 4; lastKnownFileType = sourcecode.swift; path = ExecIfNotDestroyedHandlerExecutor.swift; sourceTree = "<group>"; };
		8FD24480200CE25A007EB9CB /* AuthorizationData.swift */ = {isa = PBXFileReference; fileEncoding = 4; lastKnownFileType = sourcecode.swift; path = AuthorizationData.swift; sourceTree = "<group>"; };
		8FD24481200CE25A007EB9CB /* DeltaRequestLoop.swift */ = {isa = PBXFileReference; fileEncoding = 4; lastKnownFileType = sourcecode.swift; path = DeltaRequestLoop.swift; sourceTree = "<group>"; };
		8FD24483200CE25A007EB9CB /* OperatorItem.swift */ = {isa = PBXFileReference; fileEncoding = 4; lastKnownFileType = sourcecode.swift; path = OperatorItem.swift; sourceTree = "<group>"; };
		8FD24484200CE25A007EB9CB /* DepartmentItem.swift */ = {isa = PBXFileReference; fileEncoding = 4; lastKnownFileType = sourcecode.swift; path = DepartmentItem.swift; sourceTree = "<group>"; };
		8FD24485200CE25A007EB9CB /* RatingItem.swift */ = {isa = PBXFileReference; fileEncoding = 4; lastKnownFileType = sourcecode.swift; path = RatingItem.swift; sourceTree = "<group>"; };
		8FD24486200CE25A007EB9CB /* VisitSessionStateItem.swift */ = {isa = PBXFileReference; fileEncoding = 4; lastKnownFileType = sourcecode.swift; path = VisitSessionStateItem.swift; sourceTree = "<group>"; };
		8FD24488200CE25A007EB9CB /* HistoryBeforeResponse.swift */ = {isa = PBXFileReference; fileEncoding = 4; lastKnownFileType = sourcecode.swift; path = HistoryBeforeResponse.swift; sourceTree = "<group>"; };
		8FD24489200CE25A007EB9CB /* HistorySinceResponse.swift */ = {isa = PBXFileReference; fileEncoding = 4; lastKnownFileType = sourcecode.swift; path = HistorySinceResponse.swift; sourceTree = "<group>"; };
		8FD2448A200CE25A007EB9CB /* DeltaResponse.swift */ = {isa = PBXFileReference; fileEncoding = 4; lastKnownFileType = sourcecode.swift; path = DeltaResponse.swift; sourceTree = "<group>"; };
		8FD2448B200CE25A007EB9CB /* FileParametersItem.swift */ = {isa = PBXFileReference; fileEncoding = 4; lastKnownFileType = sourcecode.swift; path = FileParametersItem.swift; sourceTree = "<group>"; };
		8FD2448C200CE25A007EB9CB /* OnlineStatusItem.swift */ = {isa = PBXFileReference; fileEncoding = 4; lastKnownFileType = sourcecode.swift; path = OnlineStatusItem.swift; sourceTree = "<group>"; };
		8FD2448E200CE25A007EB9CB /* DeltaItem.swift */ = {isa = PBXFileReference; fileEncoding = 4; lastKnownFileType = sourcecode.swift; path = DeltaItem.swift; sourceTree = "<group>"; };
		8FD2448F200CE25A007EB9CB /* FullUpdate.swift */ = {isa = PBXFileReference; fileEncoding = 4; lastKnownFileType = sourcecode.swift; path = FullUpdate.swift; sourceTree = "<group>"; };
		8FD24490200CE25A007EB9CB /* ChatItem.swift */ = {isa = PBXFileReference; fileEncoding = 4; lastKnownFileType = sourcecode.swift; path = ChatItem.swift; sourceTree = "<group>"; };
		8FD24491200CE25A007EB9CB /* VisitorItem.swift */ = {isa = PBXFileReference; fileEncoding = 4; lastKnownFileType = sourcecode.swift; path = VisitorItem.swift; sourceTree = "<group>"; };
		8FD24492200CE25A007EB9CB /* MessageItem.swift */ = {isa = PBXFileReference; fileEncoding = 4; lastKnownFileType = sourcecode.swift; path = MessageItem.swift; sourceTree = "<group>"; };
		8FD24493200CE25A007EB9CB /* MessageToSend.swift */ = {isa = PBXFileReference; fileEncoding = 4; lastKnownFileType = sourcecode.swift; path = MessageToSend.swift; sourceTree = "<group>"; };
		8FD24494200CE25A007EB9CB /* SessionParametersListener.swift */ = {isa = PBXFileReference; fileEncoding = 4; lastKnownFileType = sourcecode.swift; path = SessionParametersListener.swift; sourceTree = "<group>"; };
		8FD24495200CE25A007EB9CB /* AccessChecker.swift */ = {isa = PBXFileReference; fileEncoding = 4; lastKnownFileType = sourcecode.swift; path = AccessChecker.swift; sourceTree = "<group>"; };
		8FD24496200CE25A007EB9CB /* SQLiteHistoryStorage.swift */ = {isa = PBXFileReference; fileEncoding = 4; lastKnownFileType = sourcecode.swift; path = SQLiteHistoryStorage.swift; sourceTree = "<group>"; };
		8FD24497200CE25A007EB9CB /* HistoryID.swift */ = {isa = PBXFileReference; fileEncoding = 4; lastKnownFileType = sourcecode.swift; path = HistoryID.swift; sourceTree = "<group>"; };
		8FD24498200CE25A007EB9CB /* HistoryStorage.swift */ = {isa = PBXFileReference; fileEncoding = 4; lastKnownFileType = sourcecode.swift; path = HistoryStorage.swift; sourceTree = "<group>"; };
		8FD24499200CE25A007EB9CB /* MessageHolder.swift */ = {isa = PBXFileReference; fileEncoding = 4; lastKnownFileType = sourcecode.swift; path = MessageHolder.swift; sourceTree = "<group>"; };
		8FD2449B200CE25B007EB9CB /* DepartmentImpl.swift */ = {isa = PBXFileReference; fileEncoding = 4; lastKnownFileType = sourcecode.swift; path = DepartmentImpl.swift; sourceTree = "<group>"; };
		8FD2449C200CE25B007EB9CB /* OperatorImpl.swift */ = {isa = PBXFileReference; fileEncoding = 4; lastKnownFileType = sourcecode.swift; path = OperatorImpl.swift; sourceTree = "<group>"; };
		8FD2449D200CE25B007EB9CB /* MessageStreamImpl.swift */ = {isa = PBXFileReference; fileEncoding = 4; lastKnownFileType = sourcecode.swift; path = MessageStreamImpl.swift; sourceTree = "<group>"; };
		8FD2449E200CE25B007EB9CB /* WebimRemoteNotificationImpl.swift */ = {isa = PBXFileReference; fileEncoding = 4; lastKnownFileType = sourcecode.swift; path = WebimRemoteNotificationImpl.swift; sourceTree = "<group>"; };
		8FD2449F200CE25B007EB9CB /* MessageImpl.swift */ = {isa = PBXFileReference; fileEncoding = 4; lastKnownFileType = sourcecode.swift; path = MessageImpl.swift; sourceTree = "<group>"; };
		8FD244A0200CE25B007EB9CB /* WebimErrorImpl.swift */ = {isa = PBXFileReference; fileEncoding = 4; lastKnownFileType = sourcecode.swift; path = WebimErrorImpl.swift; sourceTree = "<group>"; };
		8FD244A1200CE25B007EB9CB /* MessageTrackerImpl.swift */ = {isa = PBXFileReference; fileEncoding = 4; lastKnownFileType = sourcecode.swift; path = MessageTrackerImpl.swift; sourceTree = "<group>"; };
		8FD244A2200CE25B007EB9CB /* WebimSessionImpl.swift */ = {isa = PBXFileReference; fileEncoding = 4; lastKnownFileType = sourcecode.swift; path = WebimSessionImpl.swift; sourceTree = "<group>"; };
		8FD244A3200CE25B007EB9CB /* LocationSettingsImpl.swift */ = {isa = PBXFileReference; fileEncoding = 4; lastKnownFileType = sourcecode.swift; path = LocationSettingsImpl.swift; sourceTree = "<group>"; };
		8FD244A4200CE25B007EB9CB /* FatalErrorHandler.swift */ = {isa = PBXFileReference; fileEncoding = 4; lastKnownFileType = sourcecode.swift; path = FatalErrorHandler.swift; sourceTree = "<group>"; };
		8FD244A5200CE25B007EB9CB /* WebimError.swift */ = {isa = PBXFileReference; fileEncoding = 4; lastKnownFileType = sourcecode.swift; path = WebimError.swift; sourceTree = "<group>"; };
		8FD244A6200CE25B007EB9CB /* MessageStream.swift */ = {isa = PBXFileReference; fileEncoding = 4; lastKnownFileType = sourcecode.swift; path = MessageStream.swift; sourceTree = "<group>"; };
		8FD244A7200CE25B007EB9CB /* Webim.swift */ = {isa = PBXFileReference; fileEncoding = 4; lastKnownFileType = sourcecode.swift; path = Webim.swift; sourceTree = "<group>"; };
		8FD244ED200CE3E4007EB9CB /* Info.plist */ = {isa = PBXFileReference; fileEncoding = 4; lastKnownFileType = text.plist.xml; path = Info.plist; sourceTree = SOURCE_ROOT; };
		959AFDE225D9DD7D0014B721 /* WebimActions.swift */ = {isa = PBXFileReference; fileEncoding = 4; lastKnownFileType = sourcecode.swift; path = WebimActions.swift; sourceTree = "<group>"; };
		95EE8A9D25C3A6E6006F7BFB /* WebimService.swift */ = {isa = PBXFileReference; lastKnownFileType = sourcecode.swift; path = WebimService.swift; sourceTree = "<group>"; };
		CE2E681020123DB6004E99EA /* Array.swift */ = {isa = PBXFileReference; fileEncoding = 4; lastKnownFileType = sourcecode.swift; path = Array.swift; sourceTree = "<group>"; };
		CE2E681220123DC9004E99EA /* Collection.swift */ = {isa = PBXFileReference; fileEncoding = 4; lastKnownFileType = sourcecode.swift; path = Collection.swift; sourceTree = "<group>"; };
		CE2E681420123DD0004E99EA /* Int.swift */ = {isa = PBXFileReference; fileEncoding = 4; lastKnownFileType = sourcecode.swift; path = Int.swift; sourceTree = "<group>"; };
		CE2E681620123DD4004E99EA /* UInt32.swift */ = {isa = PBXFileReference; fileEncoding = 4; lastKnownFileType = sourcecode.swift; path = UInt32.swift; sourceTree = "<group>"; };
		CE529806222EA38C00033278 /* HistoryRevisionItem.swift */ = {isa = PBXFileReference; lastKnownFileType = sourcecode.swift; path = HistoryRevisionItem.swift; sourceTree = "<group>"; };
		CE6A6977220C730F00B11E29 /* FAQItem.swift */ = {isa = PBXFileReference; fileEncoding = 4; lastKnownFileType = sourcecode.swift; path = FAQItem.swift; sourceTree = "<group>"; };
		CE6A6979220C731600B11E29 /* FAQ.swift */ = {isa = PBXFileReference; fileEncoding = 4; lastKnownFileType = sourcecode.swift; path = FAQ.swift; sourceTree = "<group>"; };
		CE6A697B220C799300B11E29 /* FAQActions.swift */ = {isa = PBXFileReference; lastKnownFileType = sourcecode.swift; path = FAQActions.swift; sourceTree = "<group>"; };
		CE6A697D220C7F3000B11E29 /* FAQClient.swift */ = {isa = PBXFileReference; lastKnownFileType = sourcecode.swift; path = FAQClient.swift; sourceTree = "<group>"; };
		CE6A697F220C83F900B11E29 /* FAQRequestLoop.swift */ = {isa = PBXFileReference; lastKnownFileType = sourcecode.swift; path = FAQRequestLoop.swift; sourceTree = "<group>"; };
		CE6A6981220C968D00B11E29 /* FAQImpl.swift */ = {isa = PBXFileReference; lastKnownFileType = sourcecode.swift; path = FAQImpl.swift; sourceTree = "<group>"; };
		CE6A6983220C9BBB00B11E29 /* FAQDestroyer.swift */ = {isa = PBXFileReference; lastKnownFileType = sourcecode.swift; path = FAQDestroyer.swift; sourceTree = "<group>"; };
		CE6A6985220C9DE200B11E29 /* FAQAccessChecker.swift */ = {isa = PBXFileReference; lastKnownFileType = sourcecode.swift; path = FAQAccessChecker.swift; sourceTree = "<group>"; };
		CE6A6987220CA70A00B11E29 /* FAQItemItem.swift */ = {isa = PBXFileReference; lastKnownFileType = sourcecode.swift; path = FAQItemItem.swift; sourceTree = "<group>"; };
		CE76D61E22108834006A5BF0 /* ExecIfNotDestroyedFAQHandlerExecutor.swift */ = {isa = PBXFileReference; lastKnownFileType = sourcecode.swift; path = ExecIfNotDestroyedFAQHandlerExecutor.swift; sourceTree = "<group>"; };
		CE76D6202210A6DC006A5BF0 /* FAQStructure.swift */ = {isa = PBXFileReference; lastKnownFileType = sourcecode.swift; path = FAQStructure.swift; sourceTree = "<group>"; };
		CE76D6222210A6F3006A5BF0 /* FAQCategory.swift */ = {isa = PBXFileReference; lastKnownFileType = sourcecode.swift; path = FAQCategory.swift; sourceTree = "<group>"; };
		CE86FA94203AF37F00CB9C2D /* UIColor.swift */ = {isa = PBXFileReference; fileEncoding = 4; lastKnownFileType = sourcecode.swift; path = UIColor.swift; sourceTree = "<group>"; };
		CE86FAAA203B2A2600CB9C2D /* OperatorFactory.swift */ = {isa = PBXFileReference; fileEncoding = 4; lastKnownFileType = sourcecode.swift; path = OperatorFactory.swift; sourceTree = "<group>"; };
		CE86FAAC203B2A4500CB9C2D /* DepartmentFactory.swift */ = {isa = PBXFileReference; fileEncoding = 4; lastKnownFileType = sourcecode.swift; path = DepartmentFactory.swift; sourceTree = "<group>"; };
		CEBF03952211D5EE001658D8 /* FAQStructureItem.swift */ = {isa = PBXFileReference; lastKnownFileType = sourcecode.swift; path = FAQStructureItem.swift; sourceTree = "<group>"; };
		CEBF03972211D837001658D8 /* FAQCategoryItem.swift */ = {isa = PBXFileReference; lastKnownFileType = sourcecode.swift; path = FAQCategoryItem.swift; sourceTree = "<group>"; };
		CEBF03992211F070001658D8 /* FAQCategoryInfo.swift */ = {isa = PBXFileReference; lastKnownFileType = sourcecode.swift; path = FAQCategoryInfo.swift; sourceTree = "<group>"; };
		CED72592200E11D900CD1623 /* WebimInternalLogger.swift */ = {isa = PBXFileReference; fileEncoding = 4; lastKnownFileType = sourcecode.swift; name = WebimInternalLogger.swift; path = Backend/WebimInternalLogger.swift; sourceTree = "<group>"; };
		CEF33875221C74C700A7EA27 /* FAQCategoryInfoItem.swift */ = {isa = PBXFileReference; lastKnownFileType = sourcecode.swift; path = FAQCategoryInfoItem.swift; sourceTree = "<group>"; };
/* End PBXFileReference section */

/* Begin PBXFrameworksBuildPhase section */
		8FD24276200CDB18007EB9CB /* Frameworks */ = {
			isa = PBXFrameworksBuildPhase;
			buildActionMask = 2147483647;
			files = (
			);
			runOnlyForDeploymentPostprocessing = 0;
		};
/* End PBXFrameworksBuildPhase section */

/* Begin PBXGroup section */
		8FD24270200CDB18007EB9CB = {
			isa = PBXGroup;
			children = (
				8FD2427C200CDB18007EB9CB /* WebimClientLibrary */,
				8FD2427B200CDB18007EB9CB /* Products */,
				8FD24457200CE029007EB9CB /* Frameworks */,
			);
			sourceTree = "<group>";
		};
		8FD2427B200CDB18007EB9CB /* Products */ = {
			isa = PBXGroup;
			children = (
				8FD2427A200CDB18007EB9CB /* WebimClientLibrary.framework */,
			);
			name = Products;
			sourceTree = "<group>";
		};
		8FD2427C200CDB18007EB9CB /* WebimClientLibrary */ = {
			isa = PBXGroup;
			children = (
				8FD24465200CE25A007EB9CB /* Backend */,
				8FD2449A200CE25B007EB9CB /* Implementation */,
				8FD2427D200CDB18007EB9CB /* WebimClientLibrary.h */,
				8FD24461200CE259007EB9CB /* Department.swift */,
				8FD244A4200CE25B007EB9CB /* FatalErrorHandler.swift */,
				CE6A6979220C731600B11E29 /* FAQ.swift */,
				CE6A6977220C730F00B11E29 /* FAQItem.swift */,
				8FD24464200CE25A007EB9CB /* Message.swift */,
				8FD2445D200CE258007EB9CB /* MessageListener.swift */,
				8FD244A6200CE25B007EB9CB /* MessageStream.swift */,
				CED72592200E11D900CD1623 /* WebimInternalLogger.swift */,
				8FD24463200CE25A007EB9CB /* MessageTracker.swift */,
				1134DD59234A3FF5008FA6F0 /* NotFatalErrorHandler.swift */,
				8FD24460200CE259007EB9CB /* Operator.swift */,
				8FD24462200CE259007EB9CB /* ProvidedAuthorizationTokenStateListener.swift */,
				8FD244A7200CE25B007EB9CB /* Webim.swift */,
				8FD244A5200CE25B007EB9CB /* WebimError.swift */,
				8FD2445C200CE258007EB9CB /* WebimLogger.swift */,
				1134DD5B234A4BC8008FA6F0 /* WebimNotFatalError.swift */,
				8FD2445E200CE259007EB9CB /* WebimRemoteNotification.swift */,
				8FD2445F200CE259007EB9CB /* WebimSession.swift */,
				8FD244ED200CE3E4007EB9CB /* Info.plist */,
				CE76D6202210A6DC006A5BF0 /* FAQStructure.swift */,
				CE76D6222210A6F3006A5BF0 /* FAQCategory.swift */,
				CEBF03992211F070001658D8 /* FAQCategoryInfo.swift */,
				113C581B24EDE32F006A08C2 /* Survey.swift */,
				113057A8256D209D004BB13E /* UploadedFile.swift */,
			);
			path = WebimClientLibrary;
			sourceTree = "<group>";
		};
		8FD24457200CE029007EB9CB /* Frameworks */ = {
			isa = PBXGroup;
			children = (
			);
			name = Frameworks;
			sourceTree = "<group>";
		};
		8FD24465200CE25A007EB9CB /* Backend */ = {
			isa = PBXGroup;
			children = (
				8FD24482200CE25A007EB9CB /* Items */,
				8FD24473200CE25A007EB9CB /* Utilities */,
				8FD24466200CE25A007EB9CB /* HistoryMetaInformationStorage.swift */,
				8FD24467200CE25A007EB9CB /* MemoryHistoryStorage.swift */,
				8FD24468200CE25A007EB9CB /* InternalErrorListener.swift */,
				8FD24469200CE25A007EB9CB /* MemoryHistoryMetaInformationStorage.swift */,
				959AFDE225D9DD7D0014B721 /* WebimActions.swift */,
				8FD2446B200CE25A007EB9CB /* WebimActionsImpl.swift */,
				95EE8A9D25C3A6E6006F7BFB /* WebimService.swift */,
				8FD2446A200CE25A007EB9CB /* ClientSideID.swift */,
				8FD2446C200CE25A007EB9CB /* MessageComposingHandler.swift */,
				8FD2446D200CE25A007EB9CB /* WebimInternalError.swift */,
				8FD2446E200CE25A007EB9CB /* LocationSettingsHolder.swift */,
				8FD24470200CE25A007EB9CB /* WebimRequest.swift */,
				8FD24471200CE25A007EB9CB /* WebimClient.swift */,
				8FD24472200CE25A007EB9CB /* RemoteHistoryProvider.swift */,
				8FD2447A200CE25A007EB9CB /* AbstractRequestLoop.swift */,
				8FD2447B200CE25A007EB9CB /* DeltaCallback.swift */,
				8FD2447C200CE25A007EB9CB /* ActionRequestLoop.swift */,
				8FD2447D200CE25A007EB9CB /* SessionDestroyer.swift */,
				8FD2447E200CE25A007EB9CB /* ProvidedVisitorFields.swift */,
				8FD2447F200CE25A007EB9CB /* ExecIfNotDestroyedHandlerExecutor.swift */,
				8FD24480200CE25A007EB9CB /* AuthorizationData.swift */,
				8FD24481200CE25A007EB9CB /* DeltaRequestLoop.swift */,
				8FD24493200CE25A007EB9CB /* MessageToSend.swift */,
				8FD24494200CE25A007EB9CB /* SessionParametersListener.swift */,
				8FD24495200CE25A007EB9CB /* AccessChecker.swift */,
				8FD24496200CE25A007EB9CB /* SQLiteHistoryStorage.swift */,
				8FD24497200CE25A007EB9CB /* HistoryID.swift */,
				8FD24498200CE25A007EB9CB /* HistoryStorage.swift */,
				8FD24499200CE25A007EB9CB /* MessageHolder.swift */,
				CE6A697B220C799300B11E29 /* FAQActions.swift */,
				CE6A697D220C7F3000B11E29 /* FAQClient.swift */,
				CE6A697F220C83F900B11E29 /* FAQRequestLoop.swift */,
				CE6A6983220C9BBB00B11E29 /* FAQDestroyer.swift */,
				CE6A6985220C9DE200B11E29 /* FAQAccessChecker.swift */,
				CE76D61E22108834006A5BF0 /* ExecIfNotDestroyedFAQHandlerExecutor.swift */,
				11E2813122F60987000A1EA6 /* FAQSQLiteHistoryStorage.swift */,
				113C582224EF24D9006A08C2 /* SurveyController.swift */,
				11474E6125F2A5AD00D560FB /* FileUrlCreator.swift */,
			);
			path = Backend;
			sourceTree = "<group>";
		};
		8FD24473200CE25A007EB9CB /* Utilities */ = {
			isa = PBXGroup;
			children = (
				123D716E26D645F500F78A1E /* WMSynchronizedObject.swift */,
				8FD24474200CE25A007EB9CB /* Extensions */,
				8FD24479200CE25A007EB9CB /* CompletionHandlerWrappers.swift */,
				CE86FAAC203B2A4500CB9C2D /* DepartmentFactory.swift */,
				8FD24478200CE25A007EB9CB /* InternalUtils.swift */,
				8FD24477200CE25A007EB9CB /* MessageFactories.swift */,
				CE86FAAA203B2A2600CB9C2D /* OperatorFactory.swift */,
				113C582424F5A11C006A08C2 /* SurveyFactory.swift */,
				113E5BC424F72434008AB716 /* SendSurveyAnswerCompletionHandlerWrapper.swift */,
			);
			path = Utilities;
			sourceTree = "<group>";
		};
		8FD24474200CE25A007EB9CB /* Extensions */ = {
			isa = PBXGroup;
			children = (
				CE2E681020123DB6004E99EA /* Array.swift */,
				CE2E681220123DC9004E99EA /* Collection.swift */,
				8FD24475200CE25A007EB9CB /* Dictionary.swift */,
				CE2E681420123DD0004E99EA /* Int.swift */,
				8FD24476200CE25A007EB9CB /* String.swift */,
				CE86FA94203AF37F00CB9C2D /* UIColor.swift */,
				CE2E681620123DD4004E99EA /* UInt32.swift */,
			);
			path = Extensions;
			sourceTree = "<group>";
		};
		8FD24482200CE25A007EB9CB /* Items */ = {
			isa = PBXGroup;
			children = (
				113057D5256E8088004BB13E /* StickerItem.swift */,
				8FD24483200CE25A007EB9CB /* OperatorItem.swift */,
				8FD24484200CE25A007EB9CB /* DepartmentItem.swift */,
				8FD24485200CE25A007EB9CB /* RatingItem.swift */,
				8FD24486200CE25A007EB9CB /* VisitSessionStateItem.swift */,
				8FD24487200CE25A007EB9CB /* Responses */,
				8FD2448B200CE25A007EB9CB /* FileParametersItem.swift */,
				8FD2448C200CE25A007EB9CB /* OnlineStatusItem.swift */,
				8FD2448D200CE25A007EB9CB /* Deltas */,
				8FD24490200CE25A007EB9CB /* ChatItem.swift */,
				8FD24491200CE25A007EB9CB /* VisitorItem.swift */,
				8FD24492200CE25A007EB9CB /* MessageItem.swift */,
				CE6A6987220CA70A00B11E29 /* FAQItemItem.swift */,
				CEBF03952211D5EE001658D8 /* FAQStructureItem.swift */,
				CEBF03972211D837001658D8 /* FAQCategoryItem.swift */,
				CEF33875221C74C700A7EA27 /* FAQCategoryInfoItem.swift */,
				CE529806222EA38C00033278 /* HistoryRevisionItem.swift */,
				11638EED22A448830085E4F4 /* KeyboardItem.swift */,
				113C582024EE6076006A08C2 /* SurveyItem.swift */,
			);
			path = Items;
			sourceTree = "<group>";
		};
		8FD24487200CE25A007EB9CB /* Responses */ = {
			isa = PBXGroup;
			children = (
				8FD24488200CE25A007EB9CB /* HistoryBeforeResponse.swift */,
				8FD24489200CE25A007EB9CB /* HistorySinceResponse.swift */,
				8FD2448A200CE25A007EB9CB /* DeltaResponse.swift */,
				1165DAA425D9F67700FBF72E /* LocationStatusResponse.swift */,
			);
			path = Responses;
			sourceTree = "<group>";
		};
		8FD2448D200CE25A007EB9CB /* Deltas */ = {
			isa = PBXGroup;
			children = (
				8FD2448E200CE25A007EB9CB /* DeltaItem.swift */,
				8FD2448F200CE25A007EB9CB /* FullUpdate.swift */,
			);
			path = Deltas;
			sourceTree = "<group>";
		};
		8FD2449A200CE25B007EB9CB /* Implementation */ = {
			isa = PBXGroup;
			children = (
				1289E9762695BBBC007C15BF /* WMKeychainWrapper.swift */,
				1289E9742695BB39007C15BF /* WMDataEncryptor.swift */,
				8FD2449B200CE25B007EB9CB /* DepartmentImpl.swift */,
				8FD244A3200CE25B007EB9CB /* LocationSettingsImpl.swift */,
				8FD2449F200CE25B007EB9CB /* MessageImpl.swift */,
				8FD2449D200CE25B007EB9CB /* MessageStreamImpl.swift */,
				8FD244A1200CE25B007EB9CB /* MessageTrackerImpl.swift */,
				8FD2449C200CE25B007EB9CB /* OperatorImpl.swift */,
				8FD244A0200CE25B007EB9CB /* WebimErrorImpl.swift */,
				1134DD5D234A69FF008FA6F0 /* WebimNotFatalErrorImpl.swift */,
				8FD2449E200CE25B007EB9CB /* WebimRemoteNotificationImpl.swift */,
				8FD244A2200CE25B007EB9CB /* WebimSessionImpl.swift */,
				CE6A6981220C968D00B11E29 /* FAQImpl.swift */,
				113C581D24EE5892006A08C2 /* SurveyImpl.swift */,
				113057AB256D22DE004BB13E /* UploadedFileImpl.swift */,
			);
			path = Implementation;
			sourceTree = "<group>";
		};
/* End PBXGroup section */

/* Begin PBXHeadersBuildPhase section */
		8FD24277200CDB18007EB9CB /* Headers */ = {
			isa = PBXHeadersBuildPhase;
			buildActionMask = 2147483647;
			files = (
				8FD2428B200CDB18007EB9CB /* WebimClientLibrary.h in Headers */,
			);
			runOnlyForDeploymentPostprocessing = 0;
		};
/* End PBXHeadersBuildPhase section */

/* Begin PBXNativeTarget section */
		8FD24279200CDB18007EB9CB /* WebimClientLibrary */ = {
			isa = PBXNativeTarget;
			buildConfigurationList = 8FD2428E200CDB18007EB9CB /* Build configuration list for PBXNativeTarget "WebimClientLibrary" */;
			buildPhases = (
				8FD24275200CDB18007EB9CB /* Sources */,
				8FD24276200CDB18007EB9CB /* Frameworks */,
				8FD24277200CDB18007EB9CB /* Headers */,
				8FD24278200CDB18007EB9CB /* Resources */,
			);
			buildRules = (
			);
			dependencies = (
			);
			name = WebimClientLibrary;
			productName = WebimClientLibrary;
			productReference = 8FD2427A200CDB18007EB9CB /* WebimClientLibrary.framework */;
			productType = "com.apple.product-type.framework";
		};
/* End PBXNativeTarget section */

/* Begin PBXProject section */
		8FD24271200CDB18007EB9CB /* Project object */ = {
			isa = PBXProject;
			attributes = {
				LastSwiftUpdateCheck = 0920;
				LastUpgradeCheck = 0920;
				ORGANIZATIONNAME = Webim;
				TargetAttributes = {
					8FD24279200CDB18007EB9CB = {
						CreatedOnToolsVersion = 9.2;
						LastSwiftMigration = 0920;
						ProvisioningStyle = Automatic;
					};
				};
			};
			buildConfigurationList = 8FD24274200CDB18007EB9CB /* Build configuration list for PBXProject "WebimClientLibrary" */;
			compatibilityVersion = "Xcode 8.0";
			developmentRegion = en;
			hasScannedForEncodings = 0;
			knownRegions = (
				en,
			);
			mainGroup = 8FD24270200CDB18007EB9CB;
			productRefGroup = 8FD2427B200CDB18007EB9CB /* Products */;
			projectDirPath = "";
			projectRoot = "";
			targets = (
				8FD24279200CDB18007EB9CB /* WebimClientLibrary */,
			);
		};
/* End PBXProject section */

/* Begin PBXResourcesBuildPhase section */
		8FD24278200CDB18007EB9CB /* Resources */ = {
			isa = PBXResourcesBuildPhase;
			buildActionMask = 2147483647;
			files = (
			);
			runOnlyForDeploymentPostprocessing = 0;
		};
/* End PBXResourcesBuildPhase section */

/* Begin PBXSourcesBuildPhase section */
		8FD24275200CDB18007EB9CB /* Sources */ = {
			isa = PBXSourcesBuildPhase;
			buildActionMask = 2147483647;
			files = (
				CE86FAAB203B2A2600CB9C2D /* OperatorFactory.swift in Sources */,
				CE6A6988220CA70A00B11E29 /* FAQItemItem.swift in Sources */,
				8FD244B5200CE25C007EB9CB /* ClientSideID.swift in Sources */,
				8FD244B6200CE25C007EB9CB /* WebimActionsImpl.swift in Sources */,
				CE86FAAD203B2A4500CB9C2D /* DepartmentFactory.swift in Sources */,
				113057A9256D209D004BB13E /* UploadedFile.swift in Sources */,
				8FD244D2200CE25C007EB9CB /* FileParametersItem.swift in Sources */,
				8FD244BC200CE25C007EB9CB /* WebimClient.swift in Sources */,
				CE529807222EA38C00033278 /* HistoryRevisionItem.swift in Sources */,
				8FD244BD200CE25C007EB9CB /* RemoteHistoryProvider.swift in Sources */,
				8FD244AF200CE25C007EB9CB /* MessageTracker.swift in Sources */,
				CEF33876221C74C700A7EA27 /* FAQCategoryInfoItem.swift in Sources */,
				113C581E24EE5892006A08C2 /* SurveyImpl.swift in Sources */,
				8FD244E9200CE25C007EB9CB /* FatalErrorHandler.swift in Sources */,
				8FD244C6200CE25C007EB9CB /* SessionDestroyer.swift in Sources */,
				8FD244E2200CE25C007EB9CB /* MessageStreamImpl.swift in Sources */,
				8FD244AE200CE25C007EB9CB /* ProvidedAuthorizationTokenStateListener.swift in Sources */,
				8FD244CD200CE25C007EB9CB /* RatingItem.swift in Sources */,
				8FD244C1200CE25C007EB9CB /* InternalUtils.swift in Sources */,
				8FD244C3200CE25C007EB9CB /* AbstractRequestLoop.swift in Sources */,
				1134DD5E234A69FF008FA6F0 /* WebimNotFatalErrorImpl.swift in Sources */,
				1289E9752695BB3A007C15BF /* WMDataEncryptor.swift in Sources */,
				CE6A697C220C799300B11E29 /* FAQActions.swift in Sources */,
				CE6A6978220C730F00B11E29 /* FAQItem.swift in Sources */,
				8FD244C0200CE25C007EB9CB /* MessageFactories.swift in Sources */,
				CE2E681720123DD4004E99EA /* UInt32.swift in Sources */,
				8FD244C4200CE25C007EB9CB /* DeltaCallback.swift in Sources */,
				8FD244DB200CE25C007EB9CB /* AccessChecker.swift in Sources */,
				8FD244E6200CE25C007EB9CB /* MessageTrackerImpl.swift in Sources */,
				8FD244DC200CE25C007EB9CB /* SQLiteHistoryStorage.swift in Sources */,
				CE86FA95203AF37F00CB9C2D /* UIColor.swift in Sources */,
				8FD244D4200CE25C007EB9CB /* DeltaItem.swift in Sources */,
				113C582124EE6076006A08C2 /* SurveyItem.swift in Sources */,
				CE76D6232210A6F3006A5BF0 /* FAQCategory.swift in Sources */,
				11638EEE22A448830085E4F4 /* KeyboardItem.swift in Sources */,
				8FD244D3200CE25C007EB9CB /* OnlineStatusItem.swift in Sources */,
				8FD244BF200CE25C007EB9CB /* String.swift in Sources */,
				11E2813222F60987000A1EA6 /* FAQSQLiteHistoryStorage.swift in Sources */,
				8FD244CB200CE25C007EB9CB /* OperatorItem.swift in Sources */,
				CE6A6986220C9DE200B11E29 /* FAQAccessChecker.swift in Sources */,
				8FD244A8200CE25C007EB9CB /* WebimLogger.swift in Sources */,
				8FD244B0200CE25C007EB9CB /* Message.swift in Sources */,
				8FD244D6200CE25C007EB9CB /* ChatItem.swift in Sources */,
				8FD244E3200CE25C007EB9CB /* WebimRemoteNotificationImpl.swift in Sources */,
				1134DD5C234A4BC8008FA6F0 /* WebimNotFatalError.swift in Sources */,
				113057D6256E8088004BB13E /* StickerItem.swift in Sources */,
				8FD244CA200CE25C007EB9CB /* DeltaRequestLoop.swift in Sources */,
				CE6A6984220C9BBB00B11E29 /* FAQDestroyer.swift in Sources */,
				CE6A697E220C7F3000B11E29 /* FAQClient.swift in Sources */,
				8FD244EB200CE25C007EB9CB /* MessageStream.swift in Sources */,
				8FD244AB200CE25C007EB9CB /* WebimSession.swift in Sources */,
				8FD244E7200CE25C007EB9CB /* WebimSessionImpl.swift in Sources */,
				1289E9772695BBBC007C15BF /* WMKeychainWrapper.swift in Sources */,
				8FD244B2200CE25C007EB9CB /* MemoryHistoryStorage.swift in Sources */,
				8FD244DF200CE25C007EB9CB /* MessageHolder.swift in Sources */,
				113C582324EF24D9006A08C2 /* SurveyController.swift in Sources */,
				8FD244AC200CE25C007EB9CB /* Operator.swift in Sources */,
				8FD244E1200CE25C007EB9CB /* OperatorImpl.swift in Sources */,
				CEBF03962211D5EE001658D8 /* FAQStructureItem.swift in Sources */,
				113C582524F5A11C006A08C2 /* SurveyFactory.swift in Sources */,
				8FD244B8200CE25C007EB9CB /* WebimInternalError.swift in Sources */,
				8FD244DA200CE25C007EB9CB /* SessionParametersListener.swift in Sources */,
				8FD244D0200CE25C007EB9CB /* HistorySinceResponse.swift in Sources */,
				8FD244C5200CE25C007EB9CB /* ActionRequestLoop.swift in Sources */,
				1134DD5A234A3FF5008FA6F0 /* NotFatalErrorHandler.swift in Sources */,
				8FD244C9200CE25C007EB9CB /* AuthorizationData.swift in Sources */,
				CE6A6982220C968D00B11E29 /* FAQImpl.swift in Sources */,
				CE6A6980220C83F900B11E29 /* FAQRequestLoop.swift in Sources */,
				8FD244BE200CE25C007EB9CB /* Dictionary.swift in Sources */,
				8FD244C8200CE25C007EB9CB /* ExecIfNotDestroyedHandlerExecutor.swift in Sources */,
				113E5BC524F72434008AB716 /* SendSurveyAnswerCompletionHandlerWrapper.swift in Sources */,
				CEBF03982211D837001658D8 /* FAQCategoryItem.swift in Sources */,
				CEBF039A2211F070001658D8 /* FAQCategoryInfo.swift in Sources */,
				CE2E681120123DB7004E99EA /* Array.swift in Sources */,
				8FD244D8200CE25C007EB9CB /* MessageItem.swift in Sources */,
				8FD244AA200CE25C007EB9CB /* WebimRemoteNotification.swift in Sources */,
				8FD244B9200CE25C007EB9CB /* LocationSettingsHolder.swift in Sources */,
				8FD244B7200CE25C007EB9CB /* MessageComposingHandler.swift in Sources */,
				8FD244A9200CE25C007EB9CB /* MessageListener.swift in Sources */,
				8FD244E0200CE25C007EB9CB /* DepartmentImpl.swift in Sources */,
				8FD244EC200CE25C007EB9CB /* Webim.swift in Sources */,
				113C581C24EDE32F006A08C2 /* Survey.swift in Sources */,
				8FD244BB200CE25C007EB9CB /* WebimRequest.swift in Sources */,
				8FD244DE200CE25C007EB9CB /* HistoryStorage.swift in Sources */,
				8FD244E4200CE25C007EB9CB /* MessageImpl.swift in Sources */,
				959AFDE325D9DD7D0014B721 /* WebimActions.swift in Sources */,
				CED72593200E11D900CD1623 /* WebimInternalLogger.swift in Sources */,
				8FD244CC200CE25C007EB9CB /* DepartmentItem.swift in Sources */,
				CE76D61F22108835006A5BF0 /* ExecIfNotDestroyedFAQHandlerExecutor.swift in Sources */,
				8FD244D5200CE25C007EB9CB /* FullUpdate.swift in Sources */,
				11474E6225F2A5AD00D560FB /* FileUrlCreator.swift in Sources */,
				8FD244B4200CE25C007EB9CB /* MemoryHistoryMetaInformationStorage.swift in Sources */,
				113057AC256D22DE004BB13E /* UploadedFileImpl.swift in Sources */,
				8FD244CE200CE25C007EB9CB /* VisitSessionStateItem.swift in Sources */,
				8FD244C7200CE25C007EB9CB /* ProvidedVisitorFields.swift in Sources */,
				8FD244CF200CE25C007EB9CB /* HistoryBeforeResponse.swift in Sources */,
				8FD244DD200CE25C007EB9CB /* HistoryID.swift in Sources */,
				8FD244C2200CE25C007EB9CB /* CompletionHandlerWrappers.swift in Sources */,
				CE76D6212210A6DC006A5BF0 /* FAQStructure.swift in Sources */,
				8FD244B1200CE25C007EB9CB /* HistoryMetaInformationStorage.swift in Sources */,
				8FD244D7200CE25C007EB9CB /* VisitorItem.swift in Sources */,
				CE2E681320123DC9004E99EA /* Collection.swift in Sources */,
				95EE8A9E25C3A6E6006F7BFB /* WebimService.swift in Sources */,
				8FD244EA200CE25C007EB9CB /* WebimError.swift in Sources */,
				8FD244E8200CE25C007EB9CB /* LocationSettingsImpl.swift in Sources */,
				8FD244AD200CE25C007EB9CB /* Department.swift in Sources */,
				8FD244E5200CE25C007EB9CB /* WebimErrorImpl.swift in Sources */,
				8FD244B3200CE25C007EB9CB /* InternalErrorListener.swift in Sources */,
				1165DAA525D9F67700FBF72E /* LocationStatusResponse.swift in Sources */,
				CE6A697A220C731600B11E29 /* FAQ.swift in Sources */,
				8FD244D9200CE25C007EB9CB /* MessageToSend.swift in Sources */,
				123D716F26D645F500F78A1E /* WMSynchronizedObject.swift in Sources */,
				8FD244D1200CE25C007EB9CB /* DeltaResponse.swift in Sources */,
				CE2E681520123DD0004E99EA /* Int.swift in Sources */,
			);
			runOnlyForDeploymentPostprocessing = 0;
		};
/* End PBXSourcesBuildPhase section */

/* Begin XCBuildConfiguration section */
		8FD2428C200CDB18007EB9CB /* Debug */ = {
			isa = XCBuildConfiguration;
			buildSettings = {
				ALWAYS_SEARCH_USER_PATHS = NO;
				CLANG_ANALYZER_NONNULL = YES;
				CLANG_ANALYZER_NUMBER_OBJECT_CONVERSION = YES_AGGRESSIVE;
				CLANG_CXX_LANGUAGE_STANDARD = "gnu++14";
				CLANG_CXX_LIBRARY = "libc++";
				CLANG_ENABLE_MODULES = YES;
				CLANG_ENABLE_OBJC_ARC = YES;
				CLANG_WARN_BLOCK_CAPTURE_AUTORELEASING = YES;
				CLANG_WARN_BOOL_CONVERSION = YES;
				CLANG_WARN_COMMA = YES;
				CLANG_WARN_CONSTANT_CONVERSION = YES;
				CLANG_WARN_DIRECT_OBJC_ISA_USAGE = YES_ERROR;
				CLANG_WARN_DOCUMENTATION_COMMENTS = YES;
				CLANG_WARN_EMPTY_BODY = YES;
				CLANG_WARN_ENUM_CONVERSION = YES;
				CLANG_WARN_INFINITE_RECURSION = YES;
				CLANG_WARN_INT_CONVERSION = YES;
				CLANG_WARN_NON_LITERAL_NULL_CONVERSION = YES;
				CLANG_WARN_OBJC_LITERAL_CONVERSION = YES;
				CLANG_WARN_OBJC_ROOT_CLASS = YES_ERROR;
				CLANG_WARN_RANGE_LOOP_ANALYSIS = YES;
				CLANG_WARN_STRICT_PROTOTYPES = YES;
				CLANG_WARN_SUSPICIOUS_MOVE = YES;
				CLANG_WARN_UNGUARDED_AVAILABILITY = YES_AGGRESSIVE;
				CLANG_WARN_UNREACHABLE_CODE = YES;
				CLANG_WARN__DUPLICATE_METHOD_MATCH = YES;
				CODE_SIGN_IDENTITY = "iPhone Developer";
				COPY_PHASE_STRIP = NO;
				CURRENT_PROJECT_VERSION = 1;
				DEBUG_INFORMATION_FORMAT = dwarf;
				ENABLE_STRICT_OBJC_MSGSEND = YES;
				ENABLE_TESTABILITY = YES;
				GCC_C_LANGUAGE_STANDARD = gnu11;
				GCC_DYNAMIC_NO_PIC = NO;
				GCC_NO_COMMON_BLOCKS = YES;
				GCC_OPTIMIZATION_LEVEL = 0;
				GCC_PREPROCESSOR_DEFINITIONS = (
					"DEBUG=1",
					"$(inherited)",
				);
				GCC_WARN_64_TO_32_BIT_CONVERSION = YES;
				GCC_WARN_ABOUT_RETURN_TYPE = YES_ERROR;
				GCC_WARN_UNDECLARED_SELECTOR = YES;
				GCC_WARN_UNINITIALIZED_AUTOS = YES_AGGRESSIVE;
				GCC_WARN_UNUSED_FUNCTION = YES;
				GCC_WARN_UNUSED_VARIABLE = YES;
				IPHONEOS_DEPLOYMENT_TARGET = 8.0;
				MTL_ENABLE_DEBUG_INFO = YES;
				ONLY_ACTIVE_ARCH = YES;
				SDKROOT = iphoneos;
				SWIFT_ACTIVE_COMPILATION_CONDITIONS = DEBUG;
				SWIFT_OPTIMIZATION_LEVEL = "-Onone";
				VERSIONING_SYSTEM = "apple-generic";
				VERSION_INFO_PREFIX = "";
			};
			name = Debug;
		};
		8FD2428D200CDB18007EB9CB /* Release */ = {
			isa = XCBuildConfiguration;
			buildSettings = {
				ALWAYS_SEARCH_USER_PATHS = NO;
				CLANG_ANALYZER_NONNULL = YES;
				CLANG_ANALYZER_NUMBER_OBJECT_CONVERSION = YES_AGGRESSIVE;
				CLANG_CXX_LANGUAGE_STANDARD = "gnu++14";
				CLANG_CXX_LIBRARY = "libc++";
				CLANG_ENABLE_MODULES = YES;
				CLANG_ENABLE_OBJC_ARC = YES;
				CLANG_WARN_BLOCK_CAPTURE_AUTORELEASING = YES;
				CLANG_WARN_BOOL_CONVERSION = YES;
				CLANG_WARN_COMMA = YES;
				CLANG_WARN_CONSTANT_CONVERSION = YES;
				CLANG_WARN_DIRECT_OBJC_ISA_USAGE = YES_ERROR;
				CLANG_WARN_DOCUMENTATION_COMMENTS = YES;
				CLANG_WARN_EMPTY_BODY = YES;
				CLANG_WARN_ENUM_CONVERSION = YES;
				CLANG_WARN_INFINITE_RECURSION = YES;
				CLANG_WARN_INT_CONVERSION = YES;
				CLANG_WARN_NON_LITERAL_NULL_CONVERSION = YES;
				CLANG_WARN_OBJC_LITERAL_CONVERSION = YES;
				CLANG_WARN_OBJC_ROOT_CLASS = YES_ERROR;
				CLANG_WARN_RANGE_LOOP_ANALYSIS = YES;
				CLANG_WARN_STRICT_PROTOTYPES = YES;
				CLANG_WARN_SUSPICIOUS_MOVE = YES;
				CLANG_WARN_UNGUARDED_AVAILABILITY = YES_AGGRESSIVE;
				CLANG_WARN_UNREACHABLE_CODE = YES;
				CLANG_WARN__DUPLICATE_METHOD_MATCH = YES;
				CODE_SIGN_IDENTITY = "iPhone Developer";
				COPY_PHASE_STRIP = NO;
				CURRENT_PROJECT_VERSION = 1;
				DEBUG_INFORMATION_FORMAT = "dwarf-with-dsym";
				ENABLE_NS_ASSERTIONS = NO;
				ENABLE_STRICT_OBJC_MSGSEND = YES;
				GCC_C_LANGUAGE_STANDARD = gnu11;
				GCC_NO_COMMON_BLOCKS = YES;
				GCC_WARN_64_TO_32_BIT_CONVERSION = YES;
				GCC_WARN_ABOUT_RETURN_TYPE = YES_ERROR;
				GCC_WARN_UNDECLARED_SELECTOR = YES;
				GCC_WARN_UNINITIALIZED_AUTOS = YES_AGGRESSIVE;
				GCC_WARN_UNUSED_FUNCTION = YES;
				GCC_WARN_UNUSED_VARIABLE = YES;
				IPHONEOS_DEPLOYMENT_TARGET = 8.0;
				MTL_ENABLE_DEBUG_INFO = NO;
				SDKROOT = iphoneos;
				SWIFT_OPTIMIZATION_LEVEL = "-Owholemodule";
				VALIDATE_PRODUCT = YES;
				VERSIONING_SYSTEM = "apple-generic";
				VERSION_INFO_PREFIX = "";
			};
			name = Release;
		};
		8FD2428F200CDB18007EB9CB /* Debug */ = {
			isa = XCBuildConfiguration;
			buildSettings = {
				CLANG_ENABLE_MODULES = YES;
				CODE_SIGN_IDENTITY = "";
				"CODE_SIGN_IDENTITY[sdk=iphoneos*]" = "iPhone Developer";
				CODE_SIGN_STYLE = Automatic;
				DEFINES_MODULE = YES;
				DEVELOPMENT_TEAM = 574GE9X9L7;
				DYLIB_COMPATIBILITY_VERSION = 1;
				DYLIB_CURRENT_VERSION = 1;
				DYLIB_INSTALL_NAME_BASE = "@rpath";
				FRAMEWORK_SEARCH_PATHS = (
					"$(inherited)",
					"$(PROJECT_DIR)/Carthage/Build/iOS",
				);
				INFOPLIST_FILE = Info.plist;
				INSTALL_PATH = "$(LOCAL_LIBRARY_DIR)/Frameworks";
				IPHONEOS_DEPLOYMENT_TARGET = 8.0;
				LD_RUNPATH_SEARCH_PATHS = "$(inherited) @executable_path/Frameworks @loader_path/Frameworks";
				PRODUCT_BUNDLE_IDENTIFIER = ru.webim.WebimClientLibrary;
				PRODUCT_NAME = "$(TARGET_NAME:c99extidentifier)";
				PROVISIONING_PROFILE_SPECIFIER = "";
				SKIP_INSTALL = YES;
				SWIFT_OPTIMIZATION_LEVEL = "-Onone";
				SWIFT_VERSION = 5.0;
				TARGETED_DEVICE_FAMILY = "1,2";
			};
			name = Debug;
		};
		8FD24290200CDB18007EB9CB /* Release */ = {
			isa = XCBuildConfiguration;
			buildSettings = {
				CLANG_ENABLE_MODULES = YES;
				CODE_SIGN_IDENTITY = "";
				"CODE_SIGN_IDENTITY[sdk=iphoneos*]" = "iPhone Developer";
				CODE_SIGN_STYLE = Automatic;
				DEFINES_MODULE = YES;
				DEVELOPMENT_TEAM = 574GE9X9L7;
				DYLIB_COMPATIBILITY_VERSION = 1;
				DYLIB_CURRENT_VERSION = 1;
				DYLIB_INSTALL_NAME_BASE = "@rpath";
				FRAMEWORK_SEARCH_PATHS = (
					"$(inherited)",
					"$(PROJECT_DIR)/Carthage/Build/iOS",
				);
				INFOPLIST_FILE = Info.plist;
				INSTALL_PATH = "$(LOCAL_LIBRARY_DIR)/Frameworks";
				IPHONEOS_DEPLOYMENT_TARGET = 8.0;
				LD_RUNPATH_SEARCH_PATHS = "$(inherited) @executable_path/Frameworks @loader_path/Frameworks";
				PRODUCT_BUNDLE_IDENTIFIER = ru.webim.WebimClientLibrary;
				PRODUCT_NAME = "$(TARGET_NAME:c99extidentifier)";
				PROVISIONING_PROFILE_SPECIFIER = "";
				SKIP_INSTALL = YES;
				SWIFT_VERSION = 5.0;
				TARGETED_DEVICE_FAMILY = "1,2";
			};
			name = Release;
		};
/* End XCBuildConfiguration section */

/* Begin XCConfigurationList section */
		8FD24274200CDB18007EB9CB /* Build configuration list for PBXProject "WebimClientLibrary" */ = {
			isa = XCConfigurationList;
			buildConfigurations = (
				8FD2428C200CDB18007EB9CB /* Debug */,
				8FD2428D200CDB18007EB9CB /* Release */,
			);
			defaultConfigurationIsVisible = 0;
			defaultConfigurationName = Release;
		};
		8FD2428E200CDB18007EB9CB /* Build configuration list for PBXNativeTarget "WebimClientLibrary" */ = {
			isa = XCConfigurationList;
			buildConfigurations = (
				8FD2428F200CDB18007EB9CB /* Debug */,
				8FD24290200CDB18007EB9CB /* Release */,
			);
			defaultConfigurationIsVisible = 0;
			defaultConfigurationName = Release;
		};
/* End XCConfigurationList section */
	};
	rootObject = 8FD24271200CDB18007EB9CB /* Project object */;
}
